{
  "version": 4,
  "terraform_version": "1.14.3",
  "serial": 11,
  "lineage": "f3795bb3-6ee3-a0b9-d481-033b897fc4cd",
  "outputs": {
    "availability_zone": {
      "value": "us-west-2a",
      "type": "string"
    },
    "instance_id": {
      "value": "i-03e95211de82c8382",
      "type": "string"
    },
    "instance_private_ip": {
      "value": "10.49.2.213",
      "type": "string"
    },
    "instance_public_dns": {
      "value": "ec2-44-230-132-121.us-west-2.compute.amazonaws.com",
      "type": "string"
    },
    "instance_public_ip": {
      "value": "44.230.132.121",
      "type": "string"
    },
    "instance_specs": {
      "value": "Instance Type: g5.4xlarge\n\nFor g5.4xlarge:\n- vCPUs: 16\n- RAM: 64 GB\n- GPU: 1x NVIDIA A10G (24 GB VRAM)\n- Storage: 200 GB gp3\n\nEstimated Cost: ~$1.01/hour (on-demand)\n",
      "type": "string"
    },
    "instance_type": {
      "value": "g5.4xlarge",
      "type": "string"
    },
    "internet_gateway_id": {
      "value": "igw-0c528b0ad45a9e387",
      "type": "string"
    },
    "ollama_api_curl_test": {
      "value": "curl http://44.230.132.121:11434/api/tags",
      "type": "string"
    },
    "ollama_api_url": {
      "value": "http://44.230.132.121:11434",
      "type": "string"
    },
    "quick_start": {
      "value": "\n=== Shift Left GPU Server Quick Start ===\n\n1. Connect to the instance:\n   ssh -i ~/.ssh/my-shift-left-key.pem ec2-user@44.230.132.121\n\n2. Check server status:\n   ./check_status.sh\n\n3. Set up environment:\n   source ./set_env.sh\n\n4. Use shift_left CLI:\n   shift_left version\n   shift_left --help\n\n5. Test Ollama:\n   ./test_ollama.sh\n\nNote: The LLM model downloads in the background.\nThis takes 30-60 minutes. Check progress:\n   tail -f /var/log/ollama-pull.log\n\nOllama API Endpoint: http://44.230.132.121:11434\n\n",
      "type": "string"
    },
    "security_group_id": {
      "value": "sg-0ab166cb503c148f5",
      "type": "string"
    },
    "ssh_command": {
      "value": "ssh -i ~/.ssh/my-shift-left-key.pem ec2-user@44.230.132.121",
      "type": "string"
    },
    "subnet_discovery_method": {
      "value": "by_id",
      "type": "string"
    },
    "subnet_id": {
      "value": "subnet-0519597a0ec7b9919",
      "type": "string"
    },
    "using_existing_vpc": {
      "value": true,
      "type": "bool"
    },
    "vpc_discovery_method": {
      "value": "by_id",
      "type": "string"
    },
    "vpc_id": {
      "value": "vpc-03016998064d00b78",
      "type": "string"
    }
  },
  "resources": [
    {
      "mode": "data",
      "type": "aws_internet_gateway",
      "name": "existing",
      "provider": "provider[\"registry.terraform.io/hashicorp/aws\"]",
      "instances": [
        {
          "index_key": 0,
          "schema_version": 0,
          "attributes": {
            "arn": "arn:aws:ec2:us-west-2:829250931565:internet-gateway/igw-0c528b0ad45a9e387",
            "attachments": [
              {
                "state": "available",
                "vpc_id": "vpc-03016998064d00b78"
              }
            ],
            "filter": [
              {
                "name": "attachment.vpc-id",
                "values": [
                  "vpc-03016998064d00b78"
                ]
              }
            ],
            "id": "igw-0c528b0ad45a9e387",
            "internet_gateway_id": "igw-0c528b0ad45a9e387",
            "owner_id": "829250931565",
            "region": "us-west-2",
            "tags": {
              "Name": "justin-usw2-49-igw",
              "Owner": "Justin Lee",
              "expiration": "2025-06-16",
              "owner_email": "jlee@confluent.io",
              "tf_last_modified": "2025-05-16",
              "tf_owner": "Justin Lee",
              "tf_owner_email": "jlee@confluent.io",
              "tf_provenance": "github.com/justinrlee/private-terraform/aws/usw2"
            },
            "timeouts": null
          },
          "sensitive_attributes": [],
          "identity_schema_version": 0
        }
      ]
    },
    {
      "mode": "data",
      "type": "aws_subnet",
      "name": "by_id",
      "provider": "provider[\"registry.terraform.io/hashicorp/aws\"]",
      "instances": [
        {
          "index_key": 0,
          "schema_version": 0,
          "attributes": {
            "arn": "arn:aws:ec2:us-west-2:829250931565:subnet/subnet-0519597a0ec7b9919",
            "assign_ipv6_address_on_creation": false,
            "availability_zone": "us-west-2a",
            "availability_zone_id": "usw2-az2",
            "available_ip_address_count": 251,
            "cidr_block": "10.49.2.0/24",
            "customer_owned_ipv4_pool": "",
            "default_for_az": false,
            "enable_dns64": false,
            "enable_lni_at_device_index": 0,
            "enable_resource_name_dns_a_record_on_launch": false,
            "enable_resource_name_dns_aaaa_record_on_launch": false,
            "filter": null,
            "id": "subnet-0519597a0ec7b9919",
            "ipv6_cidr_block": "",
            "ipv6_cidr_block_association_id": "",
            "ipv6_native": false,
            "map_customer_owned_ip_on_launch": false,
            "map_public_ip_on_launch": true,
            "outpost_arn": "",
            "owner_id": "829250931565",
            "private_dns_hostname_type_on_launch": "ip-name",
            "region": "us-west-2",
            "state": "available",
            "tags": {
              "Name": "justin-usw2-49-az2-2a",
              "Owner": "Justin Lee",
              "expiration": "2025-06-16",
              "owner_email": "jlee@confluent.io",
              "tf_last_modified": "2025-05-16",
              "tf_owner": "Justin Lee",
              "tf_owner_email": "jlee@confluent.io",
              "tf_provenance": "github.com/justinrlee/private-terraform/aws/usw2"
            },
            "timeouts": null,
            "vpc_id": "vpc-03016998064d00b78"
          },
          "sensitive_attributes": [],
          "identity_schema_version": 0
        }
      ]
    },
    {
      "mode": "data",
      "type": "aws_vpc",
      "name": "by_id",
      "provider": "provider[\"registry.terraform.io/hashicorp/aws\"]",
      "instances": [
        {
          "index_key": 0,
          "schema_version": 0,
          "attributes": {
            "arn": "arn:aws:ec2:us-west-2:829250931565:vpc/vpc-03016998064d00b78",
            "cidr_block": "10.49.0.0/16",
            "cidr_block_associations": [
              {
                "association_id": "vpc-cidr-assoc-09597777274053c6f",
                "cidr_block": "10.49.0.0/16",
                "state": "associated"
              }
            ],
            "default": false,
            "dhcp_options_id": "dopt-4b3aa632",
            "enable_dns_hostnames": true,
            "enable_dns_support": true,
            "enable_network_address_usage_metrics": false,
            "filter": null,
            "id": "vpc-03016998064d00b78",
            "instance_tenancy": "default",
            "ipv6_association_id": "",
            "ipv6_cidr_block": "",
            "main_route_table_id": "rtb-0d73283abf57598b6",
            "owner_id": "829250931565",
            "region": "us-west-2",
            "state": null,
            "tags": {
              "Name": "justin-usw2-49",
              "Owner": "Justin Lee",
              "divvy_last_modified_by": "jlee@confluent.io",
              "expiration": "2025-06-16",
              "owner_email": "jlee@confluent.io",
              "tf_last_modified": "2025-05-16",
              "tf_owner": "Justin Lee",
              "tf_owner_email": "jlee@confluent.io",
              "tf_provenance": "github.com/justinrlee/private-terraform/aws/usw2"
            },
            "timeouts": null
          },
          "sensitive_attributes": [],
          "identity_schema_version": 0
        }
      ]
    },
    {
      "mode": "managed",
      "type": "aws_eip",
      "name": "server",
      "provider": "provider[\"registry.terraform.io/hashicorp/aws\"]",
      "instances": [
        {
          "schema_version": 0,
          "attributes": {
            "address": null,
            "allocation_id": "eipalloc-01f7e9594c80aed83",
            "arn": "arn:aws:ec2:us-west-2:829250931565:elastic-ip/eipalloc-01f7e9594c80aed83",
            "associate_with_private_ip": null,
            "association_id": "eipassoc-0b5d49f88e5e43fd5",
            "carrier_ip": "",
            "customer_owned_ip": "",
            "customer_owned_ipv4_pool": "",
            "domain": "vpc",
            "id": "eipalloc-01f7e9594c80aed83",
            "instance": "i-03e95211de82c8382",
            "ipam_pool_id": null,
            "network_border_group": "us-west-2",
            "network_interface": "eni-076ca24b60a08712d",
            "private_dns": "ip-10-49-2-213.us-west-2.compute.internal",
            "private_ip": "10.49.2.213",
            "ptr_record": "",
            "public_dns": "ec2-44-230-132-121.us-west-2.compute.amazonaws.com",
            "public_ip": "44.230.132.121",
            "public_ipv4_pool": "amazon",
            "region": "us-west-2",
            "tags": {
              "Name": "shift-left-gpu-server-eip"
            },
            "tags_all": {
              "Environment": "dev",
              "ManagedBy": "terraform",
              "Name": "shift-left-gpu-server-eip",
              "Project": "shift_left"
            },
            "timeouts": null
          },
          "sensitive_attributes": [],
          "identity_schema_version": 0,
          "private": "eyJlMmJmYjczMC1lY2FhLTExZTYtOGY4OC0zNDM2M2JjN2M0YzAiOnsiZGVsZXRlIjoxODAwMDAwMDAwMDAsInJlYWQiOjkwMDAwMDAwMDAwMCwidXBkYXRlIjozMDAwMDAwMDAwMDB9fQ==",
          "dependencies": [
            "aws_instance.shift_left_server",
            "aws_internet_gateway.igw",
            "aws_security_group.shift_left",
            "aws_subnet.public",
            "aws_vpc.main",
            "data.aws_subnet.by_name",
            "data.aws_subnets.public",
            "data.aws_vpc.by_name"
          ]
        }
      ]
    },
    {
      "mode": "managed",
      "type": "aws_instance",
      "name": "shift_left_server",
      "provider": "provider[\"registry.terraform.io/hashicorp/aws\"]",
      "instances": [
        {
          "schema_version": 2,
          "attributes": {
            "ami": "ami-0dc360caa1a423aa5",
            "arn": "arn:aws:ec2:us-west-2:829250931565:instance/i-03e95211de82c8382",
            "associate_public_ip_address": true,
            "availability_zone": "us-west-2a",
            "capacity_reservation_specification": [
              {
                "capacity_reservation_preference": "open",
                "capacity_reservation_target": []
              }
            ],
            "cpu_options": [
              {
                "amd_sev_snp": "",
                "core_count": 8,
                "threads_per_core": 2
              }
            ],
            "credit_specification": [],
            "disable_api_stop": false,
            "disable_api_termination": false,
            "ebs_block_device": [],
            "ebs_optimized": false,
            "enable_primary_ipv6": null,
            "enclave_options": [
              {
                "enabled": false
              }
            ],
            "ephemeral_block_device": [],
            "force_destroy": false,
            "get_password_data": false,
            "hibernation": false,
            "host_id": "",
            "host_resource_group_arn": null,
            "iam_instance_profile": "",
            "id": "i-03e95211de82c8382",
            "instance_initiated_shutdown_behavior": "stop",
            "instance_lifecycle": "",
            "instance_market_options": [],
            "instance_state": "running",
            "instance_type": "g5.4xlarge",
            "ipv6_address_count": 0,
            "ipv6_addresses": [],
            "key_name": "my-shift-left-key",
            "launch_template": [],
            "maintenance_options": [
              {
                "auto_recovery": "default"
              }
            ],
            "metadata_options": [
              {
                "http_endpoint": "enabled",
                "http_protocol_ipv6": "disabled",
                "http_put_response_hop_limit": 1,
                "http_tokens": "optional",
                "instance_metadata_tags": "disabled"
              }
            ],
            "monitoring": true,
            "network_interface": [],
            "outpost_arn": "",
            "password_data": "",
            "placement_group": "",
            "placement_group_id": "",
            "placement_partition_number": 0,
            "primary_network_interface": [
              {
                "delete_on_termination": true,
                "network_interface_id": "eni-076ca24b60a08712d"
              }
            ],
            "primary_network_interface_id": "eni-076ca24b60a08712d",
            "private_dns": "ip-10-49-2-213.us-west-2.compute.internal",
            "private_dns_name_options": [
              {
                "enable_resource_name_dns_a_record": false,
                "enable_resource_name_dns_aaaa_record": false,
                "hostname_type": "ip-name"
              }
            ],
            "private_ip": "10.49.2.213",
            "public_dns": "ec2-54-186-229-112.us-west-2.compute.amazonaws.com",
            "public_ip": "54.186.229.112",
            "region": "us-west-2",
            "root_block_device": [
              {
                "delete_on_termination": true,
                "device_name": "/dev/xvda",
                "encrypted": true,
                "iops": 3000,
                "kms_key_id": "arn:aws:kms:us-west-2:829250931565:key/e135abd9-fc2b-4d6f-855a-0f5090290a27",
                "tags": null,
                "tags_all": {},
                "throughput": 125,
                "volume_id": "vol-0a8d77f71f953a065",
                "volume_size": 200,
                "volume_type": "gp3"
              }
            ],
            "secondary_private_ips": [],
            "security_groups": [],
            "source_dest_check": true,
            "spot_instance_request_id": "",
            "subnet_id": "subnet-0519597a0ec7b9919",
            "tags": {
              "Environment": "Development",
              "ManagedBy": "Terraform",
              "Name": "shift-left-gpu-server",
              "Purpose": "Shift-Left-LLM-Migration"
            },
            "tags_all": {
              "Environment": "Development",
              "ManagedBy": "Terraform",
              "Name": "shift-left-gpu-server",
              "Project": "shift_left",
              "Purpose": "Shift-Left-LLM-Migration"
            },
            "tenancy": "default",
            "timeouts": null,
            "user_data": "#!/bin/bash\n# =============================================================================\n# Shift Left GPU EC2 Setup Script\n# =============================================================================\n# This script runs as user_data during EC2 instance initialization.\n# It installs all dependencies required for running shift_left with Ollama.\n# =============================================================================\n\nset -e\n\n# Log all output for debugging\nexec \u003e \u003e(tee /var/log/user-data.log | logger -t user-data -s 2\u003e/dev/console) 2\u003e\u00261\necho \"==========================================\"\necho \"Starting Shift Left GPU EC2 setup\"\necho \"Timestamp: $(date)\"\necho \"==========================================\"\n\n# =============================================================================\n# System Updates and Base Packages\n# =============================================================================\n\necho \"[1/8] Updating system packages...\"\nsudo yum update -y\n\necho \"[2/8] Installing essential packages...\"\nsudo yum install -y \\\n    git \\\n    make \\\n    wget \\\n    curl \\\n    htop \\\n    nvtop \\\n    jq \\\n    unzip \\\n    tar \\\n    gzip \\\n    bzip2 \\\n    openssl-devel \\\n    bzip2-devel \\\n    libffi-devel \\\n    zlib-devel \\\n    readline-devel \\\n    sqlite-devel \\\n    xz-devel \\\n    tk-devel\n\n# =============================================================================\n# Verify NVIDIA GPU\n# =============================================================================\n\necho \"[3/8] Verifying NVIDIA GPU...\"\nif nvidia-smi; then\n    echo \"NVIDIA GPU detected successfully\"\n    nvidia-smi --query-gpu=name,memory.total,driver_version --format=csv\nelse\n    echo \"WARNING: NVIDIA GPU not detected or drivers not installed\"\n    echo \"The Deep Learning AMI should have drivers pre-installed.\"\n    echo \"If using a different AMI, install NVIDIA drivers manually.\"\nfi\n\n# =============================================================================\n# Install Docker\n# =============================================================================\n\n\n#echo \"[4/8] Installing Docker...\"\n#sudo yum install -y docker\n#sudo systemctl start docker\n#sudo systemctl enable docker\n#sudo usermod -a -G docker ec2-user\n\n# =============================================================================\n# Install Python 3.11 and uv\n# =============================================================================\n\necho \"[5/8] Installing Python 3.11 and uv...\"\n\n# Install Python 3.11 from Amazon Linux extras or compile if needed\nif command -v python3.11 \u0026\u003e/dev/null; then\n    echo \"Python 3.11 already installed\"\nelse\n    # Try Amazon Linux extras first\n    sudo amazon-linux-extras enable python3.11 2\u003e/dev/null || true\n    sudo yum install -y python3.11 python3.11-pip 2\u003e/dev/null || {\n        echo \"Installing Python 3.11 from source...\"\n        cd /tmp\n        wget https://www.python.org/ftp/python/3.11.9/Python-3.11.9.tgz\n        tar xzf Python-3.11.9.tgz\n        cd Python-3.11.9\n        ./configure --enable-optimizations --prefix=/usr/local\n        make -j$(nproc)\n        sudo make altinstall\n        cd /\n        rm -rf /tmp/Python-3.11.9*\n    }\nfi\n\n# Verify Python installation\npython3.11 --version || python3 --version\n\n# Install uv (fast Python package installer)\necho \"Installing uv...\"\ncurl -LsSf https://astral.sh/uv/install.sh | sh\n\n# Add uv to PATH for all users\necho 'export PATH=\"$HOME/.local/bin:$PATH\"' | sudo tee /etc/profile.d/uv.sh\nsource /etc/profile.d/uv.sh\n\n# Also add for ec2-user\necho 'export PATH=\"$HOME/.local/bin:$PATH\"' \u003e\u003e /home/ec2-user/.bashrc\n\n# =============================================================================\n# Install Ollama\n# =============================================================================\n\necho \"[6/8] Installing Ollama...\"\ncurl -fsSL https://ollama.com/install.sh | sh\n\n# Start Ollama service\nsudo systemctl start ollama\nsudo systemctl enable ollama\n\n# Wait for Ollama to be ready\necho \"Waiting for Ollama service to start...\"\nsleep 15\n\n# Configure Ollama to listen on all interfaces (for API access)\nsudo mkdir -p /etc/systemd/system/ollama.service.d\ncat \u003c\u003cEOF | sudo tee /etc/systemd/system/ollama.service.d/environment.conf\n[Service]\nEnvironment=\"OLLAMA_HOST=0.0.0.0\"\nEnvironment=\"OLLAMA_ORIGINS=*\"\nEnvironment=\"OLLAMA_KEEP_ALIVE=24h\"\nEOF\n\n# Reload and restart Ollama with new configuration\nsudo systemctl daemon-reload\nsudo systemctl restart ollama\n\n# Wait for Ollama to be fully ready\necho \"Waiting for Ollama to be fully ready...\"\nfor i in {1..30}; do\n    if curl -s http://localhost:11434/api/tags \u003e/dev/null 2\u003e\u00261; then\n        echo \"Ollama is ready!\"\n        break\n    fi\n    echo \"Waiting for Ollama... ($i/30)\"\n    sleep 5\ndone\n\n# =============================================================================\n# Clone and Setup Shift Left Utils\n# =============================================================================\n\necho \"[7/8] Setting up shift_left_utils...\"\ncd /home/ec2-user\n\n# Clone the repository\ngit clone https://github.com/jbcodeforce/shift_left_utils.git\nchown -R ec2-user:ec2-user shift_left_utils\n\n# Install shift_left CLI\ncd /home/ec2-user/shift_left_utils/src/shift_left\nsudo -u ec2-user /home/ec2-user/.local/bin/uv sync 2\u003e/dev/null || {\n    # Fallback if uv not in path yet\n    export PATH=\"/home/ec2-user/.local/bin:$PATH\"\n    sudo -u ec2-user uv sync\n}\n\n# Create a wrapper script for shift_left\ncat \u003c\u003c'WRAPPER' | sudo tee /usr/local/bin/shift_left\n#!/bin/bash\ncd /home/ec2-user/shift_left_utils/src/shift_left\nexec uv run shift_left \"$@\"\nWRAPPER\nsudo chmod +x /usr/local/bin/shift_left\n\n# =============================================================================\n# Pull Ollama Model (runs in background to not block boot)\n# =============================================================================\n\necho \"[8/8] Pulling Ollama model (background)...\"\n# Pull model in background since it can take 30+ minutes for large models\nnohup bash -c 'sleep 60 \u0026\u0026 ollama pull qwen3-coder:30b' \u003e /var/log/ollama-pull.log 2\u003e\u00261 \u0026\n\n# =============================================================================\n# Create Helper Scripts\n# =============================================================================\n\n# Health check script\ncat \u003c\u003c'EOF' \u003e /home/ec2-user/check_status.sh\n#!/bin/bash\necho \"==========================================\"\necho \"Shift Left GPU Server Status\"\necho \"==========================================\"\necho \"\"\necho \"--- GPU Status ---\"\nnvidia-smi --query-gpu=name,memory.used,memory.total,utilization.gpu --format=csv,noheader\necho \"\"\necho \"--- Ollama Status ---\"\nsystemctl is-active ollama \u0026\u0026 echo \"Ollama service: Running\" || echo \"Ollama service: Not running\"\necho \"\"\necho \"--- Available Models ---\"\ncurl -s http://localhost:11434/api/tags | jq -r '.models[]?.name // \"No models installed yet\"' 2\u003e/dev/null || echo \"Ollama not responding\"\necho \"\"\necho \"--- Model Pull Progress ---\"\nif pgrep -f \"ollama pull\" \u003e /dev/null; then\n    echo \"Model download in progress. Check: tail -f /var/log/ollama-pull.log\"\nelse\n    echo \"No model download in progress\"\nfi\necho \"\"\necho \"--- Shift Left Version ---\"\nshift_left version 2\u003e/dev/null || echo \"shift_left not yet available in PATH (try: source ~/.bashrc)\"\necho \"\"\necho \"==========================================\"\nEOF\nchmod +x /home/ec2-user/check_status.sh\n\n# Quick test script for Ollama\ncat \u003c\u003c'EOF' \u003e /home/ec2-user/test_ollama.sh\n#!/bin/bash\necho \"Testing Ollama API...\"\ncurl -s http://localhost:11434/api/generate -d '{\n  \"model\": \"qwen3-coder:30b\",\n  \"prompt\": \"Write a simple Python function that adds two numbers\",\n  \"stream\": false\n}' | jq -r '.response'\nEOF\nchmod +x /home/ec2-user/test_ollama.sh\n\n# Environment setup script\ncat \u003c\u003c'EOF' \u003e /home/ec2-user/set_env.sh\n#!/bin/bash\n# Source this file to set up the shift_left environment\nexport PATH=\"$HOME/.local/bin:$PATH\"\nexport OLLAMA_HOST=\"http://localhost:11434\"\ncd $HOME/shift_left_utils\necho \"Environment configured. shift_left CLI ready.\"\nEOF\nchmod +x /home/ec2-user/set_env.sh\n\n# Set ownership\nchown -R ec2-user:ec2-user /home/ec2-user/*.sh\n\n# =============================================================================\n# Setup Complete\n# =============================================================================\n\nPUBLIC_IP=$(curl -s http://169.254.169.254/latest/meta-data/public-ipv4 2\u003e/dev/null || echo \"N/A\")\n\necho \"==========================================\"\necho \"Setup completed at $(date)\"\necho \"==========================================\"\necho \"\"\necho \"Instance Information:\"\necho \"  Public IP: $PUBLIC_IP\"\necho \"  Ollama API: http://$PUBLIC_IP:11434\"\necho \"\"\necho \"Quick Start:\"\necho \"  1. SSH: ssh -i your-key.pem ec2-user@$PUBLIC_IP\"\necho \"  2. Check status: ./check_status.sh\"\necho \"  3. Source environment: source ./set_env.sh\"\necho \"  4. Run shift_left: shift_left version\"\necho \"\"\necho \"Note: The qwen3-coder:30b model is downloading in the background.\"\necho \"This may take 30-60 minutes. Check progress: tail -f /var/log/ollama-pull.log\"\necho \"==========================================\"\n",
            "user_data_base64": null,
            "user_data_replace_on_change": false,
            "volume_tags": {
              "Name": "shift-left-gpu-server-root-volume"
            },
            "vpc_security_group_ids": [
              "sg-0ab166cb503c148f5"
            ]
          },
          "sensitive_attributes": [],
          "identity_schema_version": 0,
          "identity": {
            "account_id": "829250931565",
            "id": "i-03e95211de82c8382",
            "region": "us-west-2"
          },
          "private": "eyJlMmJmYjczMC1lY2FhLTExZTYtOGY4OC0zNDM2M2JjN2M0YzAiOnsiY3JlYXRlIjo2MDAwMDAwMDAwMDAsImRlbGV0ZSI6MTIwMDAwMDAwMDAwMCwicmVhZCI6OTAwMDAwMDAwMDAwLCJ1cGRhdGUiOjYwMDAwMDAwMDAwMH0sInNjaGVtYV92ZXJzaW9uIjoiMiJ9",
          "dependencies": [
            "aws_security_group.shift_left",
            "aws_subnet.public",
            "aws_vpc.main",
            "data.aws_subnet.by_name",
            "data.aws_subnets.public",
            "data.aws_vpc.by_name"
          ]
        }
      ]
    },
    {
      "mode": "managed",
      "type": "aws_security_group",
      "name": "shift_left",
      "provider": "provider[\"registry.terraform.io/hashicorp/aws\"]",
      "instances": [
        {
          "index_key": 0,
          "schema_version": 1,
          "attributes": {
            "arn": "arn:aws:ec2:us-west-2:829250931565:security-group/sg-0ab166cb503c148f5",
            "description": "Security group for Shift Left GPU EC2 instance",
            "egress": [
              {
                "cidr_blocks": [
                  "0.0.0.0/0"
                ],
                "description": "All outbound traffic",
                "from_port": 0,
                "ipv6_cidr_blocks": [],
                "prefix_list_ids": [],
                "protocol": "-1",
                "security_groups": [],
                "self": false,
                "to_port": 0
              }
            ],
            "id": "sg-0ab166cb503c148f5",
            "ingress": [
              {
                "cidr_blocks": [
                  "73.189.157.48/32"
                ],
                "description": "Ollama API access",
                "from_port": 11434,
                "ipv6_cidr_blocks": [],
                "prefix_list_ids": [],
                "protocol": "tcp",
                "security_groups": [],
                "self": false,
                "to_port": 11434
              },
              {
                "cidr_blocks": [
                  "73.189.157.48/32"
                ],
                "description": "SSH access",
                "from_port": 22,
                "ipv6_cidr_blocks": [],
                "prefix_list_ids": [],
                "protocol": "tcp",
                "security_groups": [],
                "self": false,
                "to_port": 22
              }
            ],
            "name": "shift-left-sg20260109223101947800000001",
            "name_prefix": "shift-left-sg",
            "owner_id": "829250931565",
            "region": "us-west-2",
            "revoke_rules_on_delete": false,
            "tags": {
              "Name": "shift-left-security-group"
            },
            "tags_all": {
              "Environment": "dev",
              "ManagedBy": "terraform",
              "Name": "shift-left-security-group",
              "Project": "shift_left"
            },
            "timeouts": null,
            "vpc_id": "vpc-03016998064d00b78"
          },
          "sensitive_attributes": [],
          "identity_schema_version": 0,
          "identity": {
            "account_id": "829250931565",
            "id": "sg-0ab166cb503c148f5",
            "region": "us-west-2"
          },
          "private": "eyJlMmJmYjczMC1lY2FhLTExZTYtOGY4OC0zNDM2M2JjN2M0YzAiOnsiY3JlYXRlIjo2MDAwMDAwMDAwMDAsImRlbGV0ZSI6OTAwMDAwMDAwMDAwfSwic2NoZW1hX3ZlcnNpb24iOiIxIn0=",
          "dependencies": [
            "aws_vpc.main",
            "data.aws_vpc.by_name"
          ],
          "create_before_destroy": true
        }
      ]
    },
    {
      "mode": "managed",
      "type": "null_resource",
      "name": "validate_existing_vpc",
      "provider": "provider[\"registry.terraform.io/hashicorp/null\"]",
      "instances": [
        {
          "index_key": 0,
          "schema_version": 0,
          "attributes": {
            "id": "4985021313568798991",
            "triggers": null
          },
          "sensitive_attributes": [],
          "identity_schema_version": 0
        }
      ]
    }
  ],
  "check_results": [
    {
      "object_kind": "resource",
      "config_addr": "null_resource.validate_existing_vpc",
      "status": "pass",
      "objects": [
        {
          "object_addr": "null_resource.validate_existing_vpc[0]",
          "status": "pass"
        }
      ]
    },
    {
      "object_kind": "var",
      "config_addr": "var.root_volume_size",
      "status": "pass",
      "objects": [
        {
          "object_addr": "var.root_volume_size",
          "status": "pass"
        }
      ]
    },
    {
      "object_kind": "var",
      "config_addr": "var.instance_type",
      "status": "pass",
      "objects": [
        {
          "object_addr": "var.instance_type",
          "status": "pass"
        }
      ]
    },
    {
      "object_kind": "resource",
      "config_addr": "null_resource.validate_auto_discover",
      "status": "pass",
      "objects": null
    }
  ]
}
