{
  "version": 4,
  "terraform_version": "1.14.3",
  "serial": 7,
  "lineage": "f3795bb3-6ee3-a0b9-d481-033b897fc4cd",
  "outputs": {
    "availability_zone": {
      "value": "us-west-2a",
      "type": "string"
    },
    "instance_specs": {
      "value": "Instance Type: g5.4xlarge\n\nFor g5.4xlarge:\n- vCPUs: 16\n- RAM: 64 GB\n- GPU: 1x NVIDIA A10G (24 GB VRAM)\n- Storage: 200 GB gp3\n\nEstimated Cost: ~$1.01/hour (on-demand)\n",
      "type": "string"
    },
    "instance_type": {
      "value": "g5.4xlarge",
      "type": "string"
    },
    "internet_gateway_id": {
      "value": "igw-0c528b0ad45a9e387",
      "type": "string"
    },
    "security_group_id": {
      "value": "sg-0ab166cb503c148f5",
      "type": "string"
    },
    "subnet_discovery_method": {
      "value": "by_id",
      "type": "string"
    },
    "subnet_id": {
      "value": "subnet-0519597a0ec7b9919",
      "type": "string"
    },
    "using_existing_vpc": {
      "value": true,
      "type": "bool"
    },
    "vpc_discovery_method": {
      "value": "by_id",
      "type": "string"
    },
    "vpc_id": {
      "value": "vpc-03016998064d00b78",
      "type": "string"
    }
  },
  "resources": [
    {
      "mode": "data",
      "type": "aws_internet_gateway",
      "name": "existing",
      "provider": "provider[\"registry.terraform.io/hashicorp/aws\"]",
      "instances": [
        {
          "index_key": 0,
          "schema_version": 0,
          "attributes": {
            "arn": "arn:aws:ec2:us-west-2:829250931565:internet-gateway/igw-0c528b0ad45a9e387",
            "attachments": [
              {
                "state": "available",
                "vpc_id": "vpc-03016998064d00b78"
              }
            ],
            "filter": [
              {
                "name": "attachment.vpc-id",
                "values": [
                  "vpc-03016998064d00b78"
                ]
              }
            ],
            "id": "igw-0c528b0ad45a9e387",
            "internet_gateway_id": "igw-0c528b0ad45a9e387",
            "owner_id": "829250931565",
            "region": "us-west-2",
            "tags": {
              "Name": "justin-usw2-49-igw",
              "Owner": "Justin Lee",
              "expiration": "2025-06-16",
              "owner_email": "jlee@confluent.io",
              "tf_last_modified": "2025-05-16",
              "tf_owner": "Justin Lee",
              "tf_owner_email": "jlee@confluent.io",
              "tf_provenance": "github.com/justinrlee/private-terraform/aws/usw2"
            },
            "timeouts": null
          },
          "sensitive_attributes": [],
          "identity_schema_version": 0
        }
      ]
    },
    {
      "mode": "data",
      "type": "aws_subnet",
      "name": "auto_discovered",
      "provider": "provider[\"registry.terraform.io/hashicorp/aws\"]",
      "instances": []
    },
    {
      "mode": "data",
      "type": "aws_subnet",
      "name": "by_id",
      "provider": "provider[\"registry.terraform.io/hashicorp/aws\"]",
      "instances": [
        {
          "index_key": 0,
          "schema_version": 0,
          "attributes": {
            "arn": "arn:aws:ec2:us-west-2:829250931565:subnet/subnet-0519597a0ec7b9919",
            "assign_ipv6_address_on_creation": false,
            "availability_zone": "us-west-2a",
            "availability_zone_id": "usw2-az2",
            "available_ip_address_count": 251,
            "cidr_block": "10.49.2.0/24",
            "customer_owned_ipv4_pool": "",
            "default_for_az": false,
            "enable_dns64": false,
            "enable_lni_at_device_index": 0,
            "enable_resource_name_dns_a_record_on_launch": false,
            "enable_resource_name_dns_aaaa_record_on_launch": false,
            "filter": null,
            "id": "subnet-0519597a0ec7b9919",
            "ipv6_cidr_block": "",
            "ipv6_cidr_block_association_id": "",
            "ipv6_native": false,
            "map_customer_owned_ip_on_launch": false,
            "map_public_ip_on_launch": true,
            "outpost_arn": "",
            "owner_id": "829250931565",
            "private_dns_hostname_type_on_launch": "ip-name",
            "region": "us-west-2",
            "state": "available",
            "tags": {
              "Name": "justin-usw2-49-az2-2a",
              "Owner": "Justin Lee",
              "expiration": "2025-06-16",
              "owner_email": "jlee@confluent.io",
              "tf_last_modified": "2025-05-16",
              "tf_owner": "Justin Lee",
              "tf_owner_email": "jlee@confluent.io",
              "tf_provenance": "github.com/justinrlee/private-terraform/aws/usw2"
            },
            "timeouts": null,
            "vpc_id": "vpc-03016998064d00b78"
          },
          "sensitive_attributes": [],
          "identity_schema_version": 0
        }
      ]
    },
    {
      "mode": "data",
      "type": "aws_subnet",
      "name": "by_name",
      "provider": "provider[\"registry.terraform.io/hashicorp/aws\"]",
      "instances": []
    },
    {
      "mode": "data",
      "type": "aws_subnets",
      "name": "public",
      "provider": "provider[\"registry.terraform.io/hashicorp/aws\"]",
      "instances": []
    },
    {
      "mode": "data",
      "type": "aws_vpc",
      "name": "by_id",
      "provider": "provider[\"registry.terraform.io/hashicorp/aws\"]",
      "instances": [
        {
          "index_key": 0,
          "schema_version": 0,
          "attributes": {
            "arn": "arn:aws:ec2:us-west-2:829250931565:vpc/vpc-03016998064d00b78",
            "cidr_block": "10.49.0.0/16",
            "cidr_block_associations": [
              {
                "association_id": "vpc-cidr-assoc-09597777274053c6f",
                "cidr_block": "10.49.0.0/16",
                "state": "associated"
              }
            ],
            "default": false,
            "dhcp_options_id": "dopt-4b3aa632",
            "enable_dns_hostnames": true,
            "enable_dns_support": true,
            "enable_network_address_usage_metrics": false,
            "filter": null,
            "id": "vpc-03016998064d00b78",
            "instance_tenancy": "default",
            "ipv6_association_id": "",
            "ipv6_cidr_block": "",
            "main_route_table_id": "rtb-0d73283abf57598b6",
            "owner_id": "829250931565",
            "region": "us-west-2",
            "state": null,
            "tags": {
              "Name": "justin-usw2-49",
              "Owner": "Justin Lee",
              "divvy_last_modified_by": "jlee@confluent.io",
              "expiration": "2025-06-16",
              "owner_email": "jlee@confluent.io",
              "tf_last_modified": "2025-05-16",
              "tf_owner": "Justin Lee",
              "tf_owner_email": "jlee@confluent.io",
              "tf_provenance": "github.com/justinrlee/private-terraform/aws/usw2"
            },
            "timeouts": null
          },
          "sensitive_attributes": [],
          "identity_schema_version": 0
        }
      ]
    },
    {
      "mode": "data",
      "type": "aws_vpc",
      "name": "by_name",
      "provider": "provider[\"registry.terraform.io/hashicorp/aws\"]",
      "instances": []
    },
    {
      "mode": "managed",
      "type": "aws_eip",
      "name": "nat",
      "provider": "provider[\"registry.terraform.io/hashicorp/aws\"]",
      "instances": []
    },
    {
      "mode": "managed",
      "type": "aws_internet_gateway",
      "name": "igw",
      "provider": "provider[\"registry.terraform.io/hashicorp/aws\"]",
      "instances": []
    },
    {
      "mode": "managed",
      "type": "aws_nat_gateway",
      "name": "nat",
      "provider": "provider[\"registry.terraform.io/hashicorp/aws\"]",
      "instances": []
    },
    {
      "mode": "managed",
      "type": "aws_route_table",
      "name": "private",
      "provider": "provider[\"registry.terraform.io/hashicorp/aws\"]",
      "instances": []
    },
    {
      "mode": "managed",
      "type": "aws_route_table",
      "name": "public",
      "provider": "provider[\"registry.terraform.io/hashicorp/aws\"]",
      "instances": []
    },
    {
      "mode": "managed",
      "type": "aws_route_table_association",
      "name": "private",
      "provider": "provider[\"registry.terraform.io/hashicorp/aws\"]",
      "instances": []
    },
    {
      "mode": "managed",
      "type": "aws_route_table_association",
      "name": "public",
      "provider": "provider[\"registry.terraform.io/hashicorp/aws\"]",
      "instances": []
    },
    {
      "mode": "managed",
      "type": "aws_security_group",
      "name": "shift_left",
      "provider": "provider[\"registry.terraform.io/hashicorp/aws\"]",
      "instances": [
        {
          "index_key": 0,
          "schema_version": 1,
          "attributes": {
            "arn": "arn:aws:ec2:us-west-2:829250931565:security-group/sg-0ab166cb503c148f5",
            "description": "Security group for Shift Left GPU EC2 instance",
            "egress": [
              {
                "cidr_blocks": [
                  "0.0.0.0/0"
                ],
                "description": "All outbound traffic",
                "from_port": 0,
                "ipv6_cidr_blocks": [],
                "prefix_list_ids": [],
                "protocol": "-1",
                "security_groups": [],
                "self": false,
                "to_port": 0
              }
            ],
            "id": "sg-0ab166cb503c148f5",
            "ingress": [
              {
                "cidr_blocks": [
                  "73.189.157.48/32"
                ],
                "description": "Ollama API access",
                "from_port": 11434,
                "ipv6_cidr_blocks": [],
                "prefix_list_ids": [],
                "protocol": "tcp",
                "security_groups": [],
                "self": false,
                "to_port": 11434
              },
              {
                "cidr_blocks": [
                  "73.189.157.48/32"
                ],
                "description": "SSH access",
                "from_port": 22,
                "ipv6_cidr_blocks": [],
                "prefix_list_ids": [],
                "protocol": "tcp",
                "security_groups": [],
                "self": false,
                "to_port": 22
              }
            ],
            "name": "shift-left-sg20260109223101947800000001",
            "name_prefix": "shift-left-sg",
            "owner_id": "829250931565",
            "region": "us-west-2",
            "revoke_rules_on_delete": false,
            "tags": {
              "Name": "shift-left-security-group"
            },
            "tags_all": {
              "Environment": "dev",
              "ManagedBy": "terraform",
              "Name": "shift-left-security-group",
              "Project": "shift_left"
            },
            "timeouts": null,
            "vpc_id": "vpc-03016998064d00b78"
          },
          "sensitive_attributes": [],
          "identity_schema_version": 0,
          "identity": {
            "account_id": "829250931565",
            "id": "sg-0ab166cb503c148f5",
            "region": "us-west-2"
          },
          "private": "eyJlMmJmYjczMC1lY2FhLTExZTYtOGY4OC0zNDM2M2JjN2M0YzAiOnsiY3JlYXRlIjo2MDAwMDAwMDAwMDAsImRlbGV0ZSI6OTAwMDAwMDAwMDAwfSwic2NoZW1hX3ZlcnNpb24iOiIxIn0=",
          "dependencies": [
            "aws_vpc.main",
            "data.aws_vpc.by_name"
          ],
          "create_before_destroy": true
        }
      ]
    },
    {
      "mode": "managed",
      "type": "aws_subnet",
      "name": "private",
      "provider": "provider[\"registry.terraform.io/hashicorp/aws\"]",
      "instances": []
    },
    {
      "mode": "managed",
      "type": "aws_subnet",
      "name": "public",
      "provider": "provider[\"registry.terraform.io/hashicorp/aws\"]",
      "instances": []
    },
    {
      "mode": "managed",
      "type": "aws_vpc",
      "name": "main",
      "provider": "provider[\"registry.terraform.io/hashicorp/aws\"]",
      "instances": []
    },
    {
      "mode": "managed",
      "type": "null_resource",
      "name": "validate_auto_discover",
      "provider": "provider[\"registry.terraform.io/hashicorp/null\"]",
      "instances": []
    },
    {
      "mode": "managed",
      "type": "null_resource",
      "name": "validate_existing_vpc",
      "provider": "provider[\"registry.terraform.io/hashicorp/null\"]",
      "instances": [
        {
          "index_key": 0,
          "schema_version": 0,
          "attributes": {
            "id": "4985021313568798991",
            "triggers": null
          },
          "sensitive_attributes": [],
          "identity_schema_version": 0
        }
      ]
    }
  ],
  "check_results": [
    {
      "object_kind": "var",
      "config_addr": "var.instance_type",
      "status": "pass",
      "objects": [
        {
          "object_addr": "var.instance_type",
          "status": "pass"
        }
      ]
    },
    {
      "object_kind": "resource",
      "config_addr": "null_resource.validate_auto_discover",
      "status": "pass",
      "objects": null
    },
    {
      "object_kind": "resource",
      "config_addr": "null_resource.validate_existing_vpc",
      "status": "pass",
      "objects": [
        {
          "object_addr": "null_resource.validate_existing_vpc[0]",
          "status": "pass"
        }
      ]
    },
    {
      "object_kind": "var",
      "config_addr": "var.root_volume_size",
      "status": "pass",
      "objects": [
        {
          "object_addr": "var.root_volume_size",
          "status": "pass"
        }
      ]
    }
  ]
}
